
Microsoft Visual Studio Solution File, Format Version 12.00
# Visual Studio Version 17
VisualStudioVersion = 17.0.31903.59
MinimumVisualStudioVersion = 10.0.40219.1
Project("{FAE04EC0-301F-11D3-BF4B-00C04F79EFBC}") = "Infrastructure", "Infrastructure\Infrastructure.csproj", "{6C134E3A-8D92-4CDB-8F19-B74BFBF5A8C4}"
EndProject
Project("{FAE04EC0-301F-11D3-BF4B-00C04F79EFBC}") = "MainApp", "MainApp\MainApp.csproj", "{0C46089B-8FD8-4EE4-B25B-4AA6F46C7725}"
EndProject
Global
	GlobalSection(SolutionConfigurationPlatforms) = preSolution
		Debug|Any CPU = Debug|Any CPU
		Release|Any CPU = Release|Any CPU
	EndGlobalSection
	GlobalSection(SolutionProperties) = preSolution
		HideSolutionNode = FALSE
	EndGlobalSection
	GlobalSection(ProjectConfigurationPlatforms) = postSolution
		{6C134E3A-8D92-4CDB-8F19-B74BFBF5A8C4}.Debug|Any CPU.ActiveCfg = Debug|Any CPU
		{6C134E3A-8D92-4CDB-8F19-B74BFBF5A8C4}.Debug|Any CPU.Build.0 = Debug|Any CPU
		{6C134E3A-8D92-4CDB-8F19-B74BFBF5A8C4}.Release|Any CPU.ActiveCfg = Release|Any CPU
		{6C134E3A-8D92-4CDB-8F19-B74BFBF5A8C4}.Release|Any CPU.Build.0 = Release|Any CPU
		{0C46089B-8FD8-4EE4-B25B-4AA6F46C7725}.Debug|Any CPU.ActiveCfg = Debug|Any CPU
		{0C46089B-8FD8-4EE4-B25B-4AA6F46C7725}.Debug|Any CPU.Build.0 = Debug|Any CPU
		{0C46089B-8FD8-4EE4-B25B-4AA6F46C7725}.Release|Any CPU.ActiveCfg = Release|Any CPU
		{0C46089B-8FD8-4EE4-B25B-4AA6F46C7725}.Release|Any CPU.Build.0 = Release|Any CPU
	EndGlobalSection
EndGlobal
